
Microsoft Visual Studio Solution File, Format Version 12.00
# Visual Studio Version 17
VisualStudioVersion = 17.6.33815.320
MinimumVisualStudioVersion = 10.0.40219.1
Project("{FAE04EC0-301F-11D3-BF4B-00C04F79EFBC}") = "AvaloniaApplication2", "AvaloniaApplication2.csproj", "{03C8911B-FDFB-4E83-BFC1-9523C46DB6FD}"
EndProject
Global
	GlobalSection(SolutionConfigurationPlatforms) = preSolution
		Debug|Any CPU = Debug|Any CPU
		Release|Any CPU = Release|Any CPU
	EndGlobalSection
	GlobalSection(ProjectConfigurationPlatforms) = postSolution
		{03C8911B-FDFB-4E83-BFC1-9523C46DB6FD}.Debug|Any CPU.ActiveCfg = Debug|Any CPU
		{03C8911B-FDFB-4E83-BFC1-9523C46DB6FD}.Debug|Any CPU.Build.0 = Debug|Any CPU
		{03C8911B-FDFB-4E83-BFC1-9523C46DB6FD}.Release|Any CPU.ActiveCfg = Release|Any CPU
		{03C8911B-FDFB-4E83-BFC1-9523C46DB6FD}.Release|Any CPU.Build.0 = Release|Any CPU
	EndGlobalSection
	GlobalSection(SolutionProperties) = preSolution
		HideSolutionNode = FALSE
	EndGlobalSection
	GlobalSection(ExtensibilityGlobals) = postSolution
		SolutionGuid = {62FCB35C-BEA0-4DF3-8180-3BD289271CB2}
	EndGlobalSection
EndGlobal
